<?xml version="1.0" encoding="utf-8"?>
<Project ToolsVersion="4.0" xmlns="http://schemas.microsoft.com/developer/msbuild/2003">
  <ItemGroup>
    <Filter Include="Source Files">
      <UniqueIdentifier>{4FC737F1-C7A5-4376-A066-2A32D752A2FF}</UniqueIdentifier>
      <Extensions>cpp;c;cc;cxx;def;odl;idl;hpj;bat;asm;asmx</Extensions>
    </Filter>
    <Filter Include="Header Files">
      <UniqueIdentifier>{93995380-89BD-4b04-88EB-625FBE52EBFB}</UniqueIdentifier>
      <Extensions>h;hh;hpp;hxx;hm;inl;inc;xsd</Extensions>
    </Filter>
    <Filter Include="Resource Files">
      <UniqueIdentifier>{67DA6AB6-F800-4c08-8B7A-83BB121AAD01}</UniqueIdentifier>
      <Extensions>rc;ico;cur;bmp;dlg;rc2;rct;bin;rgs;gif;jpg;jpeg;jpe;resx;tiff;tif;png;wav;mfcribbon-ms</Extensions>
    </Filter>
  </ItemGroup>
  <ItemGroup>
    <ClCompile Include="Application2D.cpp">
      <Filter>Source Files</Filter>
    </ClCompile>
    <ClCompile Include="main.cpp">
      <Filter>Source Files</Filter>
    </ClCompile>
    <ClCompile Include="State.cpp">
      <Filter>Source Files</Filter>
    </ClCompile>
    <ClCompile Include="stateMachine.cpp">
      <Filter>Source Files</Filter>
    </ClCompile>
    <ClCompile Include="Astar.cpp">
      <Filter>Source Files</Filter>
    </ClCompile>
    <ClCompile Include="entity.cpp">
      <Filter>Source Files</Filter>
    </ClCompile>
    <ClCompile Include="DecisionButtonPressed.cpp">
      <Filter>Source Files</Filter>
    </ClCompile>
    <ClCompile Include="DecisionPrint.cpp">
      <Filter>Source Files</Filter>
    </ClCompile>
    <ClCompile Include="DecisionNothingPressed.cpp">
      <Filter>Source Files</Filter>
    </ClCompile>
    <ClCompile Include="DecisionTree.cpp">
      <Filter>Source Files</Filter>
    </ClCompile>
    <ClCompile Include="Player.cpp">
      <Filter>Source Files</Filter>
    </ClCompile>
    <ClCompile Include="AiBehhaviour.cpp">
      <Filter>Source Files</Filter>
    </ClCompile>
    <ClCompile Include="AU.cpp">
      <Filter>Source Files</Filter>
    </ClCompile>
    <ClCompile Include="seek.cpp">
      <Filter>Source Files</Filter>
    </ClCompile>
    <ClCompile Include="flee.cpp">
      <Filter>Source Files</Filter>
    </ClCompile>
    <ClCompile Include="StateMove.cpp">
      <Filter>Source Files</Filter>
    </ClCompile>
    <ClCompile Include="player2.cpp">
      <Filter>Source Files</Filter>
    </ClCompile>
    <ClCompile Include="Pursue.cpp">
      <Filter>Source Files</Filter>
    </ClCompile>
    <ClCompile Include="AI2.cpp">
      <Filter>Source Files</Filter>
    </ClCompile>
    <ClCompile Include="StatePursue.cpp">
      <Filter>Source Files</Filter>
    </ClCompile>
    <ClCompile Include="AI3.cpp">
      <Filter>Source Files</Filter>
    </ClCompile>
    <ClCompile Include="StateWonder.cpp">
      <Filter>Source Files</Filter>
    </ClCompile>
    <ClCompile Include="Wonder.cpp">
      <Filter>Source Files</Filter>
    </ClCompile>
  </ItemGroup>
  <ItemGroup>
    <ClInclude Include="Application2D.h">
      <Filter>Header Files</Filter>
    </ClInclude>
    <ClInclude Include="listNode.h">
      <Filter>Header Files</Filter>
    </ClInclude>
    <ClInclude Include="A-StarStruct.h">
      <Filter>Header Files</Filter>
    </ClInclude>
    <ClInclude Include="GridNode.h">
      <Filter>Header Files</Filter>
    </ClInclude>
    <ClInclude Include="LinkedList.h">
      <Filter>Header Files</Filter>
    </ClInclude>
    <ClInclude Include="State.h">
      <Filter>Header Files</Filter>
    </ClInclude>
    <ClInclude Include="stateMachine.h">
      <Filter>Header Files</Filter>
    </ClInclude>
    <ClInclude Include="resourceManag.h">
      <Filter>Header Files</Filter>
    </ClInclude>
    <ClInclude Include="resource.h">
      <Filter>Header Files</Filter>
    </ClInclude>
    <ClInclude Include="dyna.h">
      <Filter>Header Files</Filter>
    </ClInclude>
    <ClInclude Include="stack.h">
      <Filter>Header Files</Filter>
    </ClInclude>
    <ClInclude Include="Defines.h">
      <Filter>Header Files</Filter>
    </ClInclude>
    <ClInclude Include="Heap.h">
      <Filter>Header Files</Filter>
    </ClInclude>
    <ClInclude Include="Astar.h">
      <Filter>Header Files</Filter>
    </ClInclude>
    <ClInclude Include="BaseDecision.h">
      <Filter>Header Files</Filter>
    </ClInclude>
    <ClInclude Include="entity.h">
      <Filter>Header Files</Filter>
    </ClInclude>
    <ClInclude Include="DecisionQestion.h">
      <Filter>Header Files</Filter>
    </ClInclude>
    <ClInclude Include="DecisionButtonPressed.h">
      <Filter>Header Files</Filter>
    </ClInclude>
    <ClInclude Include="DecisionPrint.h">
      <Filter>Header Files</Filter>
    </ClInclude>
    <ClInclude Include="DecisionNothingPressed.h">
      <Filter>Header Files</Filter>
    </ClInclude>
    <ClInclude Include="DecisionTree.h">
      <Filter>Header Files</Filter>
    </ClInclude>
    <ClInclude Include="Player.h">
      <Filter>Header Files</Filter>
    </ClInclude>
    <ClInclude Include="BehaveNode.h">
      <Filter>Header Files</Filter>
    </ClInclude>
    <ClInclude Include="CompositeNode.h">
      <Filter>Header Files</Filter>
    </ClInclude>
    <ClInclude Include="Sequence.h">
      <Filter>Header Files</Filter>
    </ClInclude>
    <ClInclude Include="Selecter].h">
      <Filter>Header Files</Filter>
    </ClInclude>
    <ClInclude Include="AiBehhaviour.h">
      <Filter>Header Files</Filter>
    </ClInclude>
    <ClInclude Include="ExampleAction.h">
      <Filter>Header Files</Filter>
    </ClInclude>
    <ClInclude Include="ExampleQuestion.h">
      <Filter>Header Files</Filter>
    </ClInclude>
    <ClInclude Include="Agent.h">
      <Filter>Header Files</Filter>
    </ClInclude>
    <ClInclude Include="AU.h">
      <Filter>Header Files</Filter>
    </ClInclude>
    <ClInclude Include="IBehaviour.h">
      <Filter>Header Files</Filter>
    </ClInclude>
    <ClInclude Include="seek.h">
      <Filter>Header Files</Filter>
    </ClInclude>
    <ClInclude Include="flee.h">
      <Filter>Header Files</Filter>
    </ClInclude>
    <ClInclude Include="StateMove.h">
      <Filter>Header Files</Filter>
    </ClInclude>
    <ClInclude Include="player2.h">
      <Filter>Header Files</Filter>
    </ClInclude>
    <ClInclude Include="Pursue.h">
      <Filter>Header Files</Filter>
    </ClInclude>
    <ClInclude Include="AI2.h">
      <Filter>Header Files</Filter>
    </ClInclude>
    <ClInclude Include="StatePursue.h">
      <Filter>Header Files</Filter>
    </ClInclude>
    <ClInclude Include="resource1.h">
      <Filter>Header Files</Filter>
    </ClInclude>
    <ClInclude Include="AI3.h">
      <Filter>Header Files</Filter>
    </ClInclude>
    <ClInclude Include="StateWonder.h">
      <Filter>Header Files</Filter>
    </ClInclude>
    <ClInclude Include="Wonder.h">
      <Filter>Header Files</Filter>
    </ClInclude>
  </ItemGroup>
  <ItemGroup>
    <ResourceCompile Include="Project2D.rc">
      <Filter>Resource Files</Filter>
    </ResourceCompile>
  </ItemGroup>
</Project>